
Microsoft Visual Studio Solution File, Format Version 12.00
# Visual Studio Version 17
VisualStudioVersion = 17.14.36310.24
MinimumVisualStudioVersion = 10.0.40219.1
Project("{FAE04EC0-301F-11D3-BF4B-00C04F79EFBC}") = "Soundmates.Api", "Soundmates.Api\Soundmates.Api.csproj", "{FE499034-DDFC-4DDF-8BDC-9FC759358513}"
EndProject
Project("{FAE04EC0-301F-11D3-BF4B-00C04F79EFBC}") = "Soundmates.Infrastructure", "Soundmates.Infrastructure\Soundmates.Infrastructure.csproj", "{4394B16B-D2C0-44ED-9695-7F5890BBA038}"
EndProject
Project("{FAE04EC0-301F-11D3-BF4B-00C04F79EFBC}") = "Soundmates.Domain", "Soundmates.Application\Soundmates.Domain.csproj", "{E17C4B34-7FF0-4347-8037-639E5BA1E3CE}"
EndProject
Global
	GlobalSection(SolutionConfigurationPlatforms) = preSolution
		Debug|Any CPU = Debug|Any CPU
		Release|Any CPU = Release|Any CPU
	EndGlobalSection
	GlobalSection(ProjectConfigurationPlatforms) = postSolution
		{FE499034-DDFC-4DDF-8BDC-9FC759358513}.Debug|Any CPU.ActiveCfg = Debug|Any CPU
		{FE499034-DDFC-4DDF-8BDC-9FC759358513}.Debug|Any CPU.Build.0 = Debug|Any CPU
		{FE499034-DDFC-4DDF-8BDC-9FC759358513}.Release|Any CPU.ActiveCfg = Release|Any CPU
		{FE499034-DDFC-4DDF-8BDC-9FC759358513}.Release|Any CPU.Build.0 = Release|Any CPU
		{4394B16B-D2C0-44ED-9695-7F5890BBA038}.Debug|Any CPU.ActiveCfg = Debug|Any CPU
		{4394B16B-D2C0-44ED-9695-7F5890BBA038}.Debug|Any CPU.Build.0 = Debug|Any CPU
		{4394B16B-D2C0-44ED-9695-7F5890BBA038}.Release|Any CPU.ActiveCfg = Release|Any CPU
		{4394B16B-D2C0-44ED-9695-7F5890BBA038}.Release|Any CPU.Build.0 = Release|Any CPU
		{E17C4B34-7FF0-4347-8037-639E5BA1E3CE}.Debug|Any CPU.ActiveCfg = Debug|Any CPU
		{E17C4B34-7FF0-4347-8037-639E5BA1E3CE}.Debug|Any CPU.Build.0 = Debug|Any CPU
		{E17C4B34-7FF0-4347-8037-639E5BA1E3CE}.Release|Any CPU.ActiveCfg = Release|Any CPU
		{E17C4B34-7FF0-4347-8037-639E5BA1E3CE}.Release|Any CPU.Build.0 = Release|Any CPU
	EndGlobalSection
	GlobalSection(SolutionProperties) = preSolution
		HideSolutionNode = FALSE
	EndGlobalSection
	GlobalSection(ExtensibilityGlobals) = postSolution
		SolutionGuid = {700F3747-30E4-49CB-A84F-A1CC323835BF}
	EndGlobalSection
EndGlobal
